// !$*UTF8*$!
{
	archiveVersion = 1;
	classes = {
	};
	objectVersion = 50;
	objects = {

/* Begin PBXBuildFile section */
		4404855825E9FB3500CA9872 /* umbagog@2x.jpg in Resources */ = {isa = PBXBuildFile; fileRef = 4404854C25E9FB3500CA9872 /* umbagog@2x.jpg */; };
		4404855925E9FB3500CA9872 /* twinlake@2x.jpg in Resources */ = {isa = PBXBuildFile; fileRef = 4404854D25E9FB3500CA9872 /* twinlake@2x.jpg */; };
		4404855A25E9FB3500CA9872 /* chincoteague@2x.jpg in Resources */ = {isa = PBXBuildFile; fileRef = 4404854E25E9FB3500CA9872 /* chincoteague@2x.jpg */; };
		4404855B25E9FB3500CA9872 /* lakemcdonald@2x.jpg in Resources */ = {isa = PBXBuildFile; fileRef = 4404854F25E9FB3500CA9872 /* lakemcdonald@2x.jpg */; };
		4404855C25E9FB3500CA9872 /* silversalmoncreek@2x.jpg in Resources */ = {isa = PBXBuildFile; fileRef = 4404855025E9FB3500CA9872 /* silversalmoncreek@2x.jpg */; };
		4404855D25E9FB3500CA9872 /* icybay@2x.jpg in Resources */ = {isa = PBXBuildFile; fileRef = 4404855125E9FB3500CA9872 /* icybay@2x.jpg */; };
		4404855E25E9FB3500CA9872 /* hiddenlake@2x.jpg in Resources */ = {isa = PBXBuildFile; fileRef = 4404855225E9FB3500CA9872 /* hiddenlake@2x.jpg */; };
		4404855F25E9FB3500CA9872 /* chilkoottrail@2x.jpg in Resources */ = {isa = PBXBuildFile; fileRef = 4404855325E9FB3500CA9872 /* chilkoottrail@2x.jpg */; };
		4404856025E9FB3500CA9872 /* stmarylake@2x.jpg in Resources */ = {isa = PBXBuildFile; fileRef = 4404855425E9FB3500CA9872 /* stmarylake@2x.jpg */; };
		4404856125E9FB3500CA9872 /* charleyrivers@2x.jpg in Resources */ = {isa = PBXBuildFile; fileRef = 4404855525E9FB3500CA9872 /* charleyrivers@2x.jpg */; };
		4404856225E9FB3500CA9872 /* rainbowlake@2x.jpg in Resources */ = {isa = PBXBuildFile; fileRef = 4404855625E9FB3500CA9872 /* rainbowlake@2x.jpg */; };
		4404856325E9FB3500CA9872 /* landmarkData.json in Resources */ = {isa = PBXBuildFile; fileRef = 4404855725E9FB3500CA9872 /* landmarkData.json */; };
		4404856825E9FBA900CA9872 /* Landmark.swift in Sources */ = {isa = PBXBuildFile; fileRef = 4404856725E9FBA900CA9872 /* Landmark.swift */; };
		4404857025EA017D00CA9872 /* ModelData.swift in Sources */ = {isa = PBXBuildFile; fileRef = 4404856F25EA017D00CA9872 /* ModelData.swift */; };
		4404857D25EA055A00CA9872 /* LandmarkRow.swift in Sources */ = {isa = PBXBuildFile; fileRef = 4404857C25EA055A00CA9872 /* LandmarkRow.swift */; };
		4404858225EA088900CA9872 /* LandmarkList.swift in Sources */ = {isa = PBXBuildFile; fileRef = 4404858125EA088900CA9872 /* LandmarkList.swift */; };
		4404858725EA84F900CA9872 /* LandmarkDetail.swift in Sources */ = {isa = PBXBuildFile; fileRef = 4404858625EA84F900CA9872 /* LandmarkDetail.swift */; };
		4404858E25EA9A5800CA9872 /* FavoriteButton.swift in Sources */ = {isa = PBXBuildFile; fileRef = 4404858D25EA9A5800CA9872 /* FavoriteButton.swift */; };
		4424F71825E93727009702A7 /* SwiftUIDemoApp.swift in Sources */ = {isa = PBXBuildFile; fileRef = 4424F71725E93727009702A7 /* SwiftUIDemoApp.swift */; };
		4424F71A25E93727009702A7 /* ContentView.swift in Sources */ = {isa = PBXBuildFile; fileRef = 4424F71925E93727009702A7 /* ContentView.swift */; };
		4424F71C25E93728009702A7 /* Assets.xcassets in Resources */ = {isa = PBXBuildFile; fileRef = 4424F71B25E93728009702A7 /* Assets.xcassets */; };
		4424F71F25E93728009702A7 /* Preview Assets.xcassets in Resources */ = {isa = PBXBuildFile; fileRef = 4424F71E25E93728009702A7 /* Preview Assets.xcassets */; };
		4424F72125E93728009702A7 /* Persistence.swift in Sources */ = {isa = PBXBuildFile; fileRef = 4424F72025E93728009702A7 /* Persistence.swift */; };
		4424F72425E93728009702A7 /* SwiftUIDemo.xcdatamodeld in Sources */ = {isa = PBXBuildFile; fileRef = 4424F72225E93728009702A7 /* SwiftUIDemo.xcdatamodeld */; };
		4424F72F25E93728009702A7 /* SwiftUIDemoTests.swift in Sources */ = {isa = PBXBuildFile; fileRef = 4424F72E25E93728009702A7 /* SwiftUIDemoTests.swift */; };
		4424F73A25E93728009702A7 /* SwiftUIDemoUITests.swift in Sources */ = {isa = PBXBuildFile; fileRef = 4424F73925E93728009702A7 /* SwiftUIDemoUITests.swift */; };
		4486170D25E947A000F88AFC /* turtlerock@2x.jpg in Resources */ = {isa = PBXBuildFile; fileRef = 4486170C25E947A000F88AFC /* turtlerock@2x.jpg */; };
		4486171525E9481900F88AFC /* CircleImage.swift in Sources */ = {isa = PBXBuildFile; fileRef = 4486171425E9481900F88AFC /* CircleImage.swift */; };
		4486171A25E9D66100F88AFC /* MapView.swift in Sources */ = {isa = PBXBuildFile; fileRef = 4486171925E9D66100F88AFC /* MapView.swift */; };
/* End PBXBuildFile section */

/* Begin PBXContainerItemProxy section */
		4424F72B25E93728009702A7 /* PBXContainerItemProxy */ = {
			isa = PBXContainerItemProxy;
			containerPortal = 4424F70C25E93727009702A7 /* Project object */;
			proxyType = 1;
			remoteGlobalIDString = 4424F71325E93727009702A7;
			remoteInfo = SwiftUIDemo;
		};
		4424F73625E93728009702A7 /* PBXContainerItemProxy */ = {
			isa = PBXContainerItemProxy;
			containerPortal = 4424F70C25E93727009702A7 /* Project object */;
			proxyType = 1;
			remoteGlobalIDString = 4424F71325E93727009702A7;
			remoteInfo = SwiftUIDemo;
		};
/* End PBXContainerItemProxy section */

/* Begin PBXFileReference section */
		4404854C25E9FB3500CA9872 /* umbagog@2x.jpg */ = {isa = PBXFileReference; lastKnownFileType = image.jpeg; path = "umbagog@2x.jpg"; sourceTree = "<group>"; };
		4404854D25E9FB3500CA9872 /* twinlake@2x.jpg */ = {isa = PBXFileReference; lastKnownFileType = image.jpeg; path = "twinlake@2x.jpg"; sourceTree = "<group>"; };
		4404854E25E9FB3500CA9872 /* chincoteague@2x.jpg */ = {isa = PBXFileReference; lastKnownFileType = image.jpeg; path = "chincoteague@2x.jpg"; sourceTree = "<group>"; };
		4404854F25E9FB3500CA9872 /* lakemcdonald@2x.jpg */ = {isa = PBXFileReference; lastKnownFileType = image.jpeg; path = "lakemcdonald@2x.jpg"; sourceTree = "<group>"; };
		4404855025E9FB3500CA9872 /* silversalmoncreek@2x.jpg */ = {isa = PBXFileReference; lastKnownFileType = image.jpeg; path = "silversalmoncreek@2x.jpg"; sourceTree = "<group>"; };
		4404855125E9FB3500CA9872 /* icybay@2x.jpg */ = {isa = PBXFileReference; lastKnownFileType = image.jpeg; path = "icybay@2x.jpg"; sourceTree = "<group>"; };
		4404855225E9FB3500CA9872 /* hiddenlake@2x.jpg */ = {isa = PBXFileReference; lastKnownFileType = image.jpeg; path = "hiddenlake@2x.jpg"; sourceTree = "<group>"; };
		4404855325E9FB3500CA9872 /* chilkoottrail@2x.jpg */ = {isa = PBXFileReference; lastKnownFileType = image.jpeg; path = "chilkoottrail@2x.jpg"; sourceTree = "<group>"; };
		4404855425E9FB3500CA9872 /* stmarylake@2x.jpg */ = {isa = PBXFileReference; lastKnownFileType = image.jpeg; path = "stmarylake@2x.jpg"; sourceTree = "<group>"; };
		4404855525E9FB3500CA9872 /* charleyrivers@2x.jpg */ = {isa = PBXFileReference; lastKnownFileType = image.jpeg; path = "charleyrivers@2x.jpg"; sourceTree = "<group>"; };
		4404855625E9FB3500CA9872 /* rainbowlake@2x.jpg */ = {isa = PBXFileReference; lastKnownFileType = image.jpeg; path = "rainbowlake@2x.jpg"; sourceTree = "<group>"; };
		4404855725E9FB3500CA9872 /* landmarkData.json */ = {isa = PBXFileReference; fileEncoding = 4; lastKnownFileType = text.json; path = landmarkData.json; sourceTree = "<group>"; };
		4404856725E9FBA900CA9872 /* Landmark.swift */ = {isa = PBXFileReference; lastKnownFileType = sourcecode.swift; path = Landmark.swift; sourceTree = "<group>"; };
		4404856F25EA017D00CA9872 /* ModelData.swift */ = {isa = PBXFileReference; lastKnownFileType = sourcecode.swift; path = ModelData.swift; sourceTree = "<group>"; };
		4404857C25EA055A00CA9872 /* LandmarkRow.swift */ = {isa = PBXFileReference; lastKnownFileType = sourcecode.swift; path = LandmarkRow.swift; sourceTree = "<group>"; };
		4404858125EA088900CA9872 /* LandmarkList.swift */ = {isa = PBXFileReference; lastKnownFileType = sourcecode.swift; path = LandmarkList.swift; sourceTree = "<group>"; };
		4404858625EA84F900CA9872 /* LandmarkDetail.swift */ = {isa = PBXFileReference; lastKnownFileType = sourcecode.swift; path = LandmarkDetail.swift; sourceTree = "<group>"; };
		4404858D25EA9A5800CA9872 /* FavoriteButton.swift */ = {isa = PBXFileReference; lastKnownFileType = sourcecode.swift; path = FavoriteButton.swift; sourceTree = "<group>"; };
		4424F71425E93727009702A7 /* SwiftUIPlaceMarker.app */ = {isa = PBXFileReference; explicitFileType = wrapper.application; includeInIndex = 0; path = SwiftUIPlaceMarker.app; sourceTree = BUILT_PRODUCTS_DIR; };
		4424F71725E93727009702A7 /* SwiftUIDemoApp.swift */ = {isa = PBXFileReference; lastKnownFileType = sourcecode.swift; path = SwiftUIDemoApp.swift; sourceTree = "<group>"; };
		4424F71925E93727009702A7 /* ContentView.swift */ = {isa = PBXFileReference; lastKnownFileType = sourcecode.swift; path = ContentView.swift; sourceTree = "<group>"; };
		4424F71B25E93728009702A7 /* Assets.xcassets */ = {isa = PBXFileReference; lastKnownFileType = folder.assetcatalog; path = Assets.xcassets; sourceTree = "<group>"; };
		4424F71E25E93728009702A7 /* Preview Assets.xcassets */ = {isa = PBXFileReference; lastKnownFileType = folder.assetcatalog; path = "Preview Assets.xcassets"; sourceTree = "<group>"; };
		4424F72025E93728009702A7 /* Persistence.swift */ = {isa = PBXFileReference; lastKnownFileType = sourcecode.swift; path = Persistence.swift; sourceTree = "<group>"; };
		4424F72325E93728009702A7 /* SwiftUIDemo.xcdatamodel */ = {isa = PBXFileReference; lastKnownFileType = wrapper.xcdatamodel; path = SwiftUIDemo.xcdatamodel; sourceTree = "<group>"; };
		4424F72525E93728009702A7 /* Info.plist */ = {isa = PBXFileReference; lastKnownFileType = text.plist.xml; path = Info.plist; sourceTree = "<group>"; };
		4424F72A25E93728009702A7 /* SwiftUIPlaceMarkerTests.xctest */ = {isa = PBXFileReference; explicitFileType = wrapper.cfbundle; includeInIndex = 0; path = SwiftUIPlaceMarkerTests.xctest; sourceTree = BUILT_PRODUCTS_DIR; };
		4424F72E25E93728009702A7 /* SwiftUIDemoTests.swift */ = {isa = PBXFileReference; lastKnownFileType = sourcecode.swift; path = SwiftUIDemoTests.swift; sourceTree = "<group>"; };
		4424F73025E93728009702A7 /* Info.plist */ = {isa = PBXFileReference; lastKnownFileType = text.plist.xml; path = Info.plist; sourceTree = "<group>"; };
		4424F73525E93728009702A7 /* SwiftUIPlaceMarkerUITests.xctest */ = {isa = PBXFileReference; explicitFileType = wrapper.cfbundle; includeInIndex = 0; path = SwiftUIPlaceMarkerUITests.xctest; sourceTree = BUILT_PRODUCTS_DIR; };
		4424F73925E93728009702A7 /* SwiftUIDemoUITests.swift */ = {isa = PBXFileReference; lastKnownFileType = sourcecode.swift; path = SwiftUIDemoUITests.swift; sourceTree = "<group>"; };
		4424F73B25E93728009702A7 /* Info.plist */ = {isa = PBXFileReference; lastKnownFileType = text.plist.xml; path = Info.plist; sourceTree = "<group>"; };
		4486170C25E947A000F88AFC /* turtlerock@2x.jpg */ = {isa = PBXFileReference; lastKnownFileType = image.jpeg; name = "turtlerock@2x.jpg"; path = "../../../Documents/turtlerock@2x.jpg"; sourceTree = "<group>"; };
		4486171425E9481900F88AFC /* CircleImage.swift */ = {isa = PBXFileReference; lastKnownFileType = sourcecode.swift; path = CircleImage.swift; sourceTree = "<group>"; };
		4486171925E9D66100F88AFC /* MapView.swift */ = {isa = PBXFileReference; lastKnownFileType = sourcecode.swift; path = MapView.swift; sourceTree = "<group>"; };
/* End PBXFileReference section */

/* Begin PBXFrameworksBuildPhase section */
		4424F71125E93727009702A7 /* Frameworks */ = {
			isa = PBXFrameworksBuildPhase;
			buildActionMask = 2147483647;
			files = (
			);
			runOnlyForDeploymentPostprocessing = 0;
		};
		4424F72725E93728009702A7 /* Frameworks */ = {
			isa = PBXFrameworksBuildPhase;
			buildActionMask = 2147483647;
			files = (
			);
			runOnlyForDeploymentPostprocessing = 0;
		};
		4424F73225E93728009702A7 /* Frameworks */ = {
			isa = PBXFrameworksBuildPhase;
			buildActionMask = 2147483647;
			files = (
			);
			runOnlyForDeploymentPostprocessing = 0;
		};
/* End PBXFrameworksBuildPhase section */

/* Begin PBXGroup section */
		4404854B25E9FB3500CA9872 /* Images */ = {
			isa = PBXGroup;
			children = (
				4404854E25E9FB3500CA9872 /* chincoteague@2x.jpg */,
				4404854C25E9FB3500CA9872 /* umbagog@2x.jpg */,
				4404854D25E9FB3500CA9872 /* twinlake@2x.jpg */,
				4404854F25E9FB3500CA9872 /* lakemcdonald@2x.jpg */,
				4404855025E9FB3500CA9872 /* silversalmoncreek@2x.jpg */,
				4404855125E9FB3500CA9872 /* icybay@2x.jpg */,
				4404855225E9FB3500CA9872 /* hiddenlake@2x.jpg */,
				4404855325E9FB3500CA9872 /* chilkoottrail@2x.jpg */,
				4404855425E9FB3500CA9872 /* stmarylake@2x.jpg */,
				4404855525E9FB3500CA9872 /* charleyrivers@2x.jpg */,
				4404855625E9FB3500CA9872 /* rainbowlake@2x.jpg */,
			);
			path = Images;
			sourceTree = "<group>";
		};
		4404857425EA025400CA9872 /* Model */ = {
			isa = PBXGroup;
			children = (
				4404856725E9FBA900CA9872 /* Landmark.swift */,
				4404856F25EA017D00CA9872 /* ModelData.swift */,
			);
			path = Model;
			sourceTree = "<group>";
		};
		4404857525EA026A00CA9872 /* Views */ = {
			isa = PBXGroup;
			children = (
				4404858C25EA9A3600CA9872 /* Helpers */,
				4404858B25EA9A2500CA9872 /* Landmarks */,
				4424F71925E93727009702A7 /* ContentView.swift */,
			);
			path = Views;
			sourceTree = "<group>";
		};
		4404858B25EA9A2500CA9872 /* Landmarks */ = {
			isa = PBXGroup;
			children = (
				4404858625EA84F900CA9872 /* LandmarkDetail.swift */,
				4404857C25EA055A00CA9872 /* LandmarkRow.swift */,
				4404858125EA088900CA9872 /* LandmarkList.swift */,
			);
			path = Landmarks;
			sourceTree = "<group>";
		};
		4404858C25EA9A3600CA9872 /* Helpers */ = {
			isa = PBXGroup;
			children = (
				4486171425E9481900F88AFC /* CircleImage.swift */,
				4486171925E9D66100F88AFC /* MapView.swift */,
				4404858D25EA9A5800CA9872 /* FavoriteButton.swift */,
			);
			path = Helpers;
			sourceTree = "<group>";
		};
		4424F70B25E93727009702A7 = {
			isa = PBXGroup;
			children = (
				4486170625E9472900F88AFC /* Resources */,
				4424F71625E93727009702A7 /* SwiftUIDemo */,
				4424F72D25E93728009702A7 /* SwiftUIDemoTests */,
				4424F73825E93728009702A7 /* SwiftUIDemoUITests */,
				4424F71525E93727009702A7 /* Products */,
			);
			sourceTree = "<group>";
		};
		4424F71525E93727009702A7 /* Products */ = {
			isa = PBXGroup;
			children = (
				4424F71425E93727009702A7 /* SwiftUIPlaceMarker.app */,
				4424F72A25E93728009702A7 /* SwiftUIPlaceMarkerTests.xctest */,
				4424F73525E93728009702A7 /* SwiftUIPlaceMarkerUITests.xctest */,
			);
			name = Products;
			sourceTree = "<group>";
		};
		4424F71625E93727009702A7 /* SwiftUIDemo */ = {
			isa = PBXGroup;
			children = (
				4404857525EA026A00CA9872 /* Views */,
				4404857425EA025400CA9872 /* Model */,
				4424F71725E93727009702A7 /* SwiftUIDemoApp.swift */,
				4424F71B25E93728009702A7 /* Assets.xcassets */,
				4424F72025E93728009702A7 /* Persistence.swift */,
				4424F72525E93728009702A7 /* Info.plist */,
				4424F72225E93728009702A7 /* SwiftUIDemo.xcdatamodeld */,
				4424F71D25E93728009702A7 /* Preview Content */,
			);
			path = SwiftUIDemo;
			sourceTree = "<group>";
		};
		4424F71D25E93728009702A7 /* Preview Content */ = {
			isa = PBXGroup;
			children = (
				4424F71E25E93728009702A7 /* Preview Assets.xcassets */,
			);
			path = "Preview Content";
			sourceTree = "<group>";
		};
		4424F72D25E93728009702A7 /* SwiftUIDemoTests */ = {
			isa = PBXGroup;
			children = (
				4424F72E25E93728009702A7 /* SwiftUIDemoTests.swift */,
				4424F73025E93728009702A7 /* Info.plist */,
			);
			path = SwiftUIDemoTests;
			sourceTree = "<group>";
		};
		4424F73825E93728009702A7 /* SwiftUIDemoUITests */ = {
			isa = PBXGroup;
			children = (
				4424F73925E93728009702A7 /* SwiftUIDemoUITests.swift */,
				4424F73B25E93728009702A7 /* Info.plist */,
			);
			path = SwiftUIDemoUITests;
			sourceTree = "<group>";
		};
		4486170625E9472900F88AFC /* Resources */ = {
			isa = PBXGroup;
			children = (
				4404854B25E9FB3500CA9872 /* Images */,
				4404855725E9FB3500CA9872 /* landmarkData.json */,
				4486170C25E947A000F88AFC /* turtlerock@2x.jpg */,
			);
			path = Resources;
			sourceTree = "<group>";
		};
/* End PBXGroup section */

/* Begin PBXNativeTarget section */
		4424F71325E93727009702A7 /* SwiftUIPlaceMarker */ = {
			isa = PBXNativeTarget;
			buildConfigurationList = 4424F73E25E93728009702A7 /* Build configuration list for PBXNativeTarget "SwiftUIPlaceMarker" */;
			buildPhases = (
				4424F71025E93727009702A7 /* Sources */,
				4424F71125E93727009702A7 /* Frameworks */,
				4424F71225E93727009702A7 /* Resources */,
			);
			buildRules = (
			);
			dependencies = (
			);
			name = SwiftUIPlaceMarker;
			productName = SwiftUIDemo;
			productReference = 4424F71425E93727009702A7 /* SwiftUIPlaceMarker.app */;
			productType = "com.apple.product-type.application";
		};
		4424F72925E93728009702A7 /* SwiftUIPlaceMarkerTests */ = {
			isa = PBXNativeTarget;
			buildConfigurationList = 4424F74125E93728009702A7 /* Build configuration list for PBXNativeTarget "SwiftUIPlaceMarkerTests" */;
			buildPhases = (
				4424F72625E93728009702A7 /* Sources */,
				4424F72725E93728009702A7 /* Frameworks */,
				4424F72825E93728009702A7 /* Resources */,
			);
			buildRules = (
			);
			dependencies = (
				4424F72C25E93728009702A7 /* PBXTargetDependency */,
			);
			name = SwiftUIPlaceMarkerTests;
			productName = SwiftUIDemoTests;
			productReference = 4424F72A25E93728009702A7 /* SwiftUIPlaceMarkerTests.xctest */;
			productType = "com.apple.product-type.bundle.unit-test";
		};
		4424F73425E93728009702A7 /* SwiftUIPlaceMarkerUITests */ = {
			isa = PBXNativeTarget;
			buildConfigurationList = 4424F74425E93728009702A7 /* Build configuration list for PBXNativeTarget "SwiftUIPlaceMarkerUITests" */;
			buildPhases = (
				4424F73125E93728009702A7 /* Sources */,
				4424F73225E93728009702A7 /* Frameworks */,
				4424F73325E93728009702A7 /* Resources */,
			);
			buildRules = (
			);
			dependencies = (
				4424F73725E93728009702A7 /* PBXTargetDependency */,
			);
			name = SwiftUIPlaceMarkerUITests;
			productName = SwiftUIDemoUITests;
			productReference = 4424F73525E93728009702A7 /* SwiftUIPlaceMarkerUITests.xctest */;
			productType = "com.apple.product-type.bundle.ui-testing";
		};
/* End PBXNativeTarget section */

/* Begin PBXProject section */
		4424F70C25E93727009702A7 /* Project object */ = {
			isa = PBXProject;
			attributes = {
				LastSwiftUpdateCheck = 1240;
				LastUpgradeCheck = 1240;
				TargetAttributes = {
					4424F71325E93727009702A7 = {
						CreatedOnToolsVersion = 12.4;
					};
					4424F72925E93728009702A7 = {
						CreatedOnToolsVersion = 12.4;
						TestTargetID = 4424F71325E93727009702A7;
					};
					4424F73425E93728009702A7 = {
						CreatedOnToolsVersion = 12.4;
						TestTargetID = 4424F71325E93727009702A7;
					};
				};
			};
			buildConfigurationList = 4424F70F25E93727009702A7 /* Build configuration list for PBXProject "SwiftUIPlaceMarker" */;
			compatibilityVersion = "Xcode 9.3";
			developmentRegion = en;
			hasScannedForEncodings = 0;
			knownRegions = (
				en,
				Base,
			);
			mainGroup = 4424F70B25E93727009702A7;
			productRefGroup = 4424F71525E93727009702A7 /* Products */;
			projectDirPath = "";
			projectRoot = "";
			targets = (
				4424F71325E93727009702A7 /* SwiftUIPlaceMarker */,
				4424F72925E93728009702A7 /* SwiftUIPlaceMarkerTests */,
				4424F73425E93728009702A7 /* SwiftUIPlaceMarkerUITests */,
			);
		};
/* End PBXProject section */

/* Begin PBXResourcesBuildPhase section */
		4424F71225E93727009702A7 /* Resources */ = {
			isa = PBXResourcesBuildPhase;
			buildActionMask = 2147483647;
			files = (
				4404856125E9FB3500CA9872 /* charleyrivers@2x.jpg in Resources */,
				4486170D25E947A000F88AFC /* turtlerock@2x.jpg in Resources */,
				4404855E25E9FB3500CA9872 /* hiddenlake@2x.jpg in Resources */,
				4404855825E9FB3500CA9872 /* umbagog@2x.jpg in Resources */,
				4404856225E9FB3500CA9872 /* rainbowlake@2x.jpg in Resources */,
				4404855D25E9FB3500CA9872 /* icybay@2x.jpg in Resources */,
				4404855C25E9FB3500CA9872 /* silversalmoncreek@2x.jpg in Resources */,
				4424F71F25E93728009702A7 /* Preview Assets.xcassets in Resources */,
				4404856325E9FB3500CA9872 /* landmarkData.json in Resources */,
				4404855925E9FB3500CA9872 /* twinlake@2x.jpg in Resources */,
				4404856025E9FB3500CA9872 /* stmarylake@2x.jpg in Resources */,
				4404855B25E9FB3500CA9872 /* lakemcdonald@2x.jpg in Resources */,
				4404855F25E9FB3500CA9872 /* chilkoottrail@2x.jpg in Resources */,
				4424F71C25E93728009702A7 /* Assets.xcassets in Resources */,
				4404855A25E9FB3500CA9872 /* chincoteague@2x.jpg in Resources */,
			);
			runOnlyForDeploymentPostprocessing = 0;
		};
		4424F72825E93728009702A7 /* Resources */ = {
			isa = PBXResourcesBuildPhase;
			buildActionMask = 2147483647;
			files = (
			);
			runOnlyForDeploymentPostprocessing = 0;
		};
		4424F73325E93728009702A7 /* Resources */ = {
			isa = PBXResourcesBuildPhase;
			buildActionMask = 2147483647;
			files = (
			);
			runOnlyForDeploymentPostprocessing = 0;
		};
/* End PBXResourcesBuildPhase section */

/* Begin PBXSourcesBuildPhase section */
		4424F71025E93727009702A7 /* Sources */ = {
			isa = PBXSourcesBuildPhase;
			buildActionMask = 2147483647;
			files = (
				4404856825E9FBA900CA9872 /* Landmark.swift in Sources */,
				4424F72425E93728009702A7 /* SwiftUIDemo.xcdatamodeld in Sources */,
				4486171A25E9D66100F88AFC /* MapView.swift in Sources */,
				4404858E25EA9A5800CA9872 /* FavoriteButton.swift in Sources */,
				4424F72125E93728009702A7 /* Persistence.swift in Sources */,
				4424F71A25E93727009702A7 /* ContentView.swift in Sources */,
				4424F71825E93727009702A7 /* SwiftUIDemoApp.swift in Sources */,
				4404857025EA017D00CA9872 /* ModelData.swift in Sources */,
				4486171525E9481900F88AFC /* CircleImage.swift in Sources */,
				4404857D25EA055A00CA9872 /* LandmarkRow.swift in Sources */,
				4404858225EA088900CA9872 /* LandmarkList.swift in Sources */,
				4404858725EA84F900CA9872 /* LandmarkDetail.swift in Sources */,
			);
			runOnlyForDeploymentPostprocessing = 0;
		};
		4424F72625E93728009702A7 /* Sources */ = {
			isa = PBXSourcesBuildPhase;
			buildActionMask = 2147483647;
			files = (
				4424F72F25E93728009702A7 /* SwiftUIDemoTests.swift in Sources */,
			);
			runOnlyForDeploymentPostprocessing = 0;
		};
		4424F73125E93728009702A7 /* Sources */ = {
			isa = PBXSourcesBuildPhase;
			buildActionMask = 2147483647;
			files = (
				4424F73A25E93728009702A7 /* SwiftUIDemoUITests.swift in Sources */,
			);
			runOnlyForDeploymentPostprocessing = 0;
		};
/* End PBXSourcesBuildPhase section */

/* Begin PBXTargetDependency section */
		4424F72C25E93728009702A7 /* PBXTargetDependency */ = {
			isa = PBXTargetDependency;
			target = 4424F71325E93727009702A7 /* SwiftUIPlaceMarker */;
			targetProxy = 4424F72B25E93728009702A7 /* PBXContainerItemProxy */;
		};
		4424F73725E93728009702A7 /* PBXTargetDependency */ = {
			isa = PBXTargetDependency;
			target = 4424F71325E93727009702A7 /* SwiftUIPlaceMarker */;
			targetProxy = 4424F73625E93728009702A7 /* PBXContainerItemProxy */;
		};
/* End PBXTargetDependency section */

/* Begin XCBuildConfiguration section */
		4424F73C25E93728009702A7 /* Debug */ = {
			isa = XCBuildConfiguration;
			buildSettings = {
				ALWAYS_SEARCH_USER_PATHS = NO;
				CLANG_ANALYZER_NONNULL = YES;
				CLANG_ANALYZER_NUMBER_OBJECT_CONVERSION = YES_AGGRESSIVE;
				CLANG_CXX_LANGUAGE_STANDARD = "gnu++14";
				CLANG_CXX_LIBRARY = "libc++";
				CLANG_ENABLE_MODULES = YES;
				CLANG_ENABLE_OBJC_ARC = YES;
				CLANG_ENABLE_OBJC_WEAK = YES;
				CLANG_WARN_BLOCK_CAPTURE_AUTORELEASING = YES;
				CLANG_WARN_BOOL_CONVERSION = YES;
				CLANG_WARN_COMMA = YES;
				CLANG_WARN_CONSTANT_CONVERSION = YES;
				CLANG_WARN_DEPRECATED_OBJC_IMPLEMENTATIONS = YES;
				CLANG_WARN_DIRECT_OBJC_ISA_USAGE = YES_ERROR;
				CLANG_WARN_DOCUMENTATION_COMMENTS = YES;
				CLANG_WARN_EMPTY_BODY = YES;
				CLANG_WARN_ENUM_CONVERSION = YES;
				CLANG_WARN_INFINITE_RECURSION = YES;
				CLANG_WARN_INT_CONVERSION = YES;
				CLANG_WARN_NON_LITERAL_NULL_CONVERSION = YES;
				CLANG_WARN_OBJC_IMPLICIT_RETAIN_SELF = YES;
				CLANG_WARN_OBJC_LITERAL_CONVERSION = YES;
				CLANG_WARN_OBJC_ROOT_CLASS = YES_ERROR;
				CLANG_WARN_QUOTED_INCLUDE_IN_FRAMEWORK_HEADER = YES;
				CLANG_WARN_RANGE_LOOP_ANALYSIS = YES;
				CLANG_WARN_STRICT_PROTOTYPES = YES;
				CLANG_WARN_SUSPICIOUS_MOVE = YES;
				CLANG_WARN_UNGUARDED_AVAILABILITY = YES_AGGRESSIVE;
				CLANG_WARN_UNREACHABLE_CODE = YES;
				CLANG_WARN__DUPLICATE_METHOD_MATCH = YES;
				COPY_PHASE_STRIP = NO;
				DEBUG_INFORMATION_FORMAT = dwarf;
				ENABLE_STRICT_OBJC_MSGSEND = YES;
				ENABLE_TESTABILITY = YES;
				GCC_C_LANGUAGE_STANDARD = gnu11;
				GCC_DYNAMIC_NO_PIC = NO;
				GCC_NO_COMMON_BLOCKS = YES;
				GCC_OPTIMIZATION_LEVEL = 0;
				GCC_PREPROCESSOR_DEFINITIONS = (
					"DEBUG=1",
					"$(inherited)",
				);
				GCC_WARN_64_TO_32_BIT_CONVERSION = YES;
				GCC_WARN_ABOUT_RETURN_TYPE = YES_ERROR;
				GCC_WARN_UNDECLARED_SELECTOR = YES;
				GCC_WARN_UNINITIALIZED_AUTOS = YES_AGGRESSIVE;
				GCC_WARN_UNUSED_FUNCTION = YES;
				GCC_WARN_UNUSED_VARIABLE = YES;
				IPHONEOS_DEPLOYMENT_TARGET = 14.4;
				MTL_ENABLE_DEBUG_INFO = INCLUDE_SOURCE;
				MTL_FAST_MATH = YES;
				ONLY_ACTIVE_ARCH = YES;
				SDKROOT = iphoneos;
				SWIFT_ACTIVE_COMPILATION_CONDITIONS = DEBUG;
				SWIFT_OPTIMIZATION_LEVEL = "-Onone";
			};
			name = Debug;
		};
		4424F73D25E93728009702A7 /* Release */ = {
			isa = XCBuildConfiguration;
			buildSettings = {
				ALWAYS_SEARCH_USER_PATHS = NO;
				CLANG_ANALYZER_NONNULL = YES;
				CLANG_ANALYZER_NUMBER_OBJECT_CONVERSION = YES_AGGRESSIVE;
				CLANG_CXX_LANGUAGE_STANDARD = "gnu++14";
				CLANG_CXX_LIBRARY = "libc++";
				CLANG_ENABLE_MODULES = YES;
				CLANG_ENABLE_OBJC_ARC = YES;
				CLANG_ENABLE_OBJC_WEAK = YES;
				CLANG_WARN_BLOCK_CAPTURE_AUTORELEASING = YES;
				CLANG_WARN_BOOL_CONVERSION = YES;
				CLANG_WARN_COMMA = YES;
				CLANG_WARN_CONSTANT_CONVERSION = YES;
				CLANG_WARN_DEPRECATED_OBJC_IMPLEMENTATIONS = YES;
				CLANG_WARN_DIRECT_OBJC_ISA_USAGE = YES_ERROR;
				CLANG_WARN_DOCUMENTATION_COMMENTS = YES;
				CLANG_WARN_EMPTY_BODY = YES;
				CLANG_WARN_ENUM_CONVERSION = YES;
				CLANG_WARN_INFINITE_RECURSION = YES;
				CLANG_WARN_INT_CONVERSION = YES;
				CLANG_WARN_NON_LITERAL_NULL_CONVERSION = YES;
				CLANG_WARN_OBJC_IMPLICIT_RETAIN_SELF = YES;
				CLANG_WARN_OBJC_LITERAL_CONVERSION = YES;
				CLANG_WARN_OBJC_ROOT_CLASS = YES_ERROR;
				CLANG_WARN_QUOTED_INCLUDE_IN_FRAMEWORK_HEADER = YES;
				CLANG_WARN_RANGE_LOOP_ANALYSIS = YES;
				CLANG_WARN_STRICT_PROTOTYPES = YES;
				CLANG_WARN_SUSPICIOUS_MOVE = YES;
				CLANG_WARN_UNGUARDED_AVAILABILITY = YES_AGGRESSIVE;
				CLANG_WARN_UNREACHABLE_CODE = YES;
				CLANG_WARN__DUPLICATE_METHOD_MATCH = YES;
				COPY_PHASE_STRIP = NO;
				DEBUG_INFORMATION_FORMAT = "dwarf-with-dsym";
				ENABLE_NS_ASSERTIONS = NO;
				ENABLE_STRICT_OBJC_MSGSEND = YES;
				GCC_C_LANGUAGE_STANDARD = gnu11;
				GCC_NO_COMMON_BLOCKS = YES;
				GCC_WARN_64_TO_32_BIT_CONVERSION = YES;
				GCC_WARN_ABOUT_RETURN_TYPE = YES_ERROR;
				GCC_WARN_UNDECLARED_SELECTOR = YES;
				GCC_WARN_UNINITIALIZED_AUTOS = YES_AGGRESSIVE;
				GCC_WARN_UNUSED_FUNCTION = YES;
				GCC_WARN_UNUSED_VARIABLE = YES;
				IPHONEOS_DEPLOYMENT_TARGET = 14.4;
				MTL_ENABLE_DEBUG_INFO = NO;
				MTL_FAST_MATH = YES;
				SDKROOT = iphoneos;
				SWIFT_COMPILATION_MODE = wholemodule;
				SWIFT_OPTIMIZATION_LEVEL = "-O";
				VALIDATE_PRODUCT = YES;
			};
			name = Release;
		};
		4424F73F25E93728009702A7 /* Debug */ = {
			isa = XCBuildConfiguration;
			buildSettings = {
				ASSETCATALOG_COMPILER_APPICON_NAME = AppIcon;
				ASSETCATALOG_COMPILER_GLOBAL_ACCENT_COLOR_NAME = AccentColor;
				CODE_SIGN_STYLE = Automatic;
				DEVELOPMENT_ASSET_PATHS = "\"SwiftUIDemo/Preview Content\"";
				DEVELOPMENT_TEAM = 8QJLFPJVTL;
				ENABLE_PREVIEWS = YES;
				INFOPLIST_FILE = SwiftUIDemo/Info.plist;
				IPHONEOS_DEPLOYMENT_TARGET = 14.0;
				LD_RUNPATH_SEARCH_PATHS = (
					"$(inherited)",
					"@executable_path/Frameworks",
				);
				PRODUCT_BUNDLE_IDENTIFIER = com.ihopeit.SwiftUIPlaceMarker;
				PRODUCT_NAME = "$(TARGET_NAME)";
				SWIFT_VERSION = 5.0;
				TARGETED_DEVICE_FAMILY = "1,2";
			};
			name = Debug;
		};
		4424F74025E93728009702A7 /* Release */ = {
			isa = XCBuildConfiguration;
			buildSettings = {
				ASSETCATALOG_COMPILER_APPICON_NAME = AppIcon;
				ASSETCATALOG_COMPILER_GLOBAL_ACCENT_COLOR_NAME = AccentColor;
				CODE_SIGN_STYLE = Automatic;
				DEVELOPMENT_ASSET_PATHS = "\"SwiftUIDemo/Preview Content\"";
				DEVELOPMENT_TEAM = 8QJLFPJVTL;
				ENABLE_PREVIEWS = YES;
				INFOPLIST_FILE = SwiftUIDemo/Info.plist;
				IPHONEOS_DEPLOYMENT_TARGET = 14.0;
				LD_RUNPATH_SEARCH_PATHS = (
					"$(inherited)",
					"@executable_path/Frameworks",
				);
				PRODUCT_BUNDLE_IDENTIFIER = com.ihopeit.SwiftUIPlaceMarker;
				PRODUCT_NAME = "$(TARGET_NAME)";
				SWIFT_VERSION = 5.0;
				TARGETED_DEVICE_FAMILY = "1,2";
			};
			name = Release;
		};
		4424F74225E93728009702A7 /* Debug */ = {
			isa = XCBuildConfiguration;
			buildSettings = {
				ALWAYS_EMBED_SWIFT_STANDARD_LIBRARIES = YES;
				BUNDLE_LOADER = "$(TEST_HOST)";
				CODE_SIGN_STYLE = Automatic;
				DEVELOPMENT_TEAM = 8QJLFPJVTL;
				INFOPLIST_FILE = SwiftUIDemoTests/Info.plist;
				IPHONEOS_DEPLOYMENT_TARGET = 14.0;
				LD_RUNPATH_SEARCH_PATHS = (
					"$(inherited)",
					"@executable_path/Frameworks",
					"@loader_path/Frameworks",
				);
				PRODUCT_BUNDLE_IDENTIFIER = com.ihopeit.SwiftUIDemoTests;
				PRODUCT_NAME = "$(TARGET_NAME)";
				SWIFT_VERSION = 5.0;
				TARGETED_DEVICE_FAMILY = "1,2";
				TEST_HOST = "$(BUILT_PRODUCTS_DIR)/SwiftUIPlaceMarker.app/SwiftUIPlaceMarker";
			};
			name = Debug;
		};
		4424F74325E93728009702A7 /* Release */ = {
			isa = XCBuildConfiguration;
			buildSettings = {
				ALWAYS_EMBED_SWIFT_STANDARD_LIBRARIES = YES;
				BUNDLE_LOADER = "$(TEST_HOST)";
				CODE_SIGN_STYLE = Automatic;
				DEVELOPMENT_TEAM = 8QJLFPJVTL;
				INFOPLIST_FILE = SwiftUIDemoTests/Info.plist;
				IPHONEOS_DEPLOYMENT_TARGET = 14.0;
				LD_RUNPATH_SEARCH_PATHS = (
					"$(inherited)",
					"@executable_path/Frameworks",
					"@loader_path/Frameworks",
				);
				PRODUCT_BUNDLE_IDENTIFIER = com.ihopeit.SwiftUIDemoTests;
				PRODUCT_NAME = "$(TARGET_NAME)";
				SWIFT_VERSION = 5.0;
				TARGETED_DEVICE_FAMILY = "1,2";
				TEST_HOST = "$(BUILT_PRODUCTS_DIR)/SwiftUIPlaceMarker.app/SwiftUIPlaceMarker";
			};
			name = Release;
		};
		4424F74525E93728009702A7 /* Debug */ = {
			isa = XCBuildConfiguration;
			buildSettings = {
				ALWAYS_EMBED_SWIFT_STANDARD_LIBRARIES = YES;
				CODE_SIGN_STYLE = Automatic;
				DEVELOPMENT_TEAM = 8QJLFPJVTL;
				INFOPLIST_FILE = SwiftUIDemoUITests/Info.plist;
				LD_RUNPATH_SEARCH_PATHS = (
					"$(inherited)",
					"@executable_path/Frameworks",
					"@loader_path/Frameworks",
				);
				PRODUCT_BUNDLE_IDENTIFIER = com.ihopeit.SwiftUIDemoUITests;
				PRODUCT_NAME = "$(TARGET_NAME)";
				SWIFT_VERSION = 5.0;
				TARGETED_DEVICE_FAMILY = "1,2";
				TEST_TARGET_NAME = SwiftUIDemo;
			};
			name = Debug;
		};
		4424F74625E93728009702A7 /* Release */ = {
			isa = XCBuildConfiguration;
			buildSettings = {
				ALWAYS_EMBED_SWIFT_STANDARD_LIBRARIES = YES;
				CODE_SIGN_STYLE = Automatic;
				DEVELOPMENT_TEAM = 8QJLFPJVTL;
				INFOPLIST_FILE = SwiftUIDemoUITests/Info.plist;
				LD_RUNPATH_SEARCH_PATHS = (
					"$(inherited)",
					"@executable_path/Frameworks",
					"@loader_path/Frameworks",
				);
				PRODUCT_BUNDLE_IDENTIFIER = com.ihopeit.SwiftUIDemoUITests;
				PRODUCT_NAME = "$(TARGET_NAME)";
				SWIFT_VERSION = 5.0;
				TARGETED_DEVICE_FAMILY = "1,2";
				TEST_TARGET_NAME = SwiftUIDemo;
			};
			name = Release;
		};
/* End XCBuildConfiguration section */

/* Begin XCConfigurationList section */
		4424F70F25E93727009702A7 /* Build configuration list for PBXProject "SwiftUIPlaceMarker" */ = {
			isa = XCConfigurationList;
			buildConfigurations = (
				4424F73C25E93728009702A7 /* Debug */,
				4424F73D25E93728009702A7 /* Release */,
			);
			defaultConfigurationIsVisible = 0;
			defaultConfigurationName = Release;
		};
		4424F73E25E93728009702A7 /* Build configuration list for PBXNativeTarget "SwiftUIPlaceMarker" */ = {
			isa = XCConfigurationList;
			buildConfigurations = (
				4424F73F25E93728009702A7 /* Debug */,
				4424F74025E93728009702A7 /* Release */,
			);
			defaultConfigurationIsVisible = 0;
			defaultConfigurationName = Release;
		};
		4424F74125E93728009702A7 /* Build configuration list for PBXNativeTarget "SwiftUIPlaceMarkerTests" */ = {
			isa = XCConfigurationList;
			buildConfigurations = (
				4424F74225E93728009702A7 /* Debug */,
				4424F74325E93728009702A7 /* Release */,
			);
			defaultConfigurationIsVisible = 0;
			defaultConfigurationName = Release;
		};
		4424F74425E93728009702A7 /* Build configuration list for PBXNativeTarget "SwiftUIPlaceMarkerUITests" */ = {
			isa = XCConfigurationList;
			buildConfigurations = (
				4424F74525E93728009702A7 /* Debug */,
				4424F74625E93728009702A7 /* Release */,
			);
			defaultConfigurationIsVisible = 0;
			defaultConfigurationName = Release;
		};
/* End XCConfigurationList section */

/* Begin XCVersionGroup section */
		4424F72225E93728009702A7 /* SwiftUIDemo.xcdatamodeld */ = {
			isa = XCVersionGroup;
			children = (
				4424F72325E93728009702A7 /* SwiftUIDemo.xcdatamodel */,
			);
			currentVersion = 4424F72325E93728009702A7 /* SwiftUIDemo.xcdatamodel */;
			path = SwiftUIDemo.xcdatamodeld;
			sourceTree = "<group>";
			versionGroupType = wrapper.xcdatamodel;
		};
/* End XCVersionGroup section */
	};
	rootObject = 4424F70C25E93727009702A7 /* Project object */;
}
